// !$*UTF8*$!
{
	archiveVersion = 1;
	classes = {
	};
	objectVersion = 50;
	objects = {

/* Begin PBXBuildFile section */
		5E50CB87221B00D2004AA701 /* User.swift in Sources */ = {isa = PBXBuildFile; fileRef = 5E50CB86221B00D2004AA701 /* User.swift */; };
		5E50CB8B221B0142004AA701 /* TPKeyboardAvoidingSwift.swift in Sources */ = {isa = PBXBuildFile; fileRef = 5E50CB8A221B0142004AA701 /* TPKeyboardAvoidingSwift.swift */; };
		5E50CB8F221B169D004AA701 /* PropertyController.swift in Sources */ = {isa = PBXBuildFile; fileRef = 5E50CB8E221B169D004AA701 /* PropertyController.swift */; };
		5E50CB91221B1FA5004AA701 /* PropertyCell.swift in Sources */ = {isa = PBXBuildFile; fileRef = 5E50CB90221B1FA5004AA701 /* PropertyCell.swift */; };
		5E81A1EF221C05CC003F531F /* Property.swift in Sources */ = {isa = PBXBuildFile; fileRef = 5E81A1EE221C05CC003F531F /* Property.swift */; };
		5E81A1F1221C1885003F531F /* PropertyDetailController.swift in Sources */ = {isa = PBXBuildFile; fileRef = 5E81A1F0221C1885003F531F /* PropertyDetailController.swift */; };
		5E81A201221C40CE003F531F /* SearchController.swift in Sources */ = {isa = PBXBuildFile; fileRef = 5E81A200221C40CE003F531F /* SearchController.swift */; };
		5E81A203221C4769003F531F /* SearchCell.swift in Sources */ = {isa = PBXBuildFile; fileRef = 5E81A202221C4769003F531F /* SearchCell.swift */; };
		5EA082762215A66B00A18827 /* AppDelegate.swift in Sources */ = {isa = PBXBuildFile; fileRef = 5EA082752215A66B00A18827 /* AppDelegate.swift */; };
		5EA082782215A66B00A18827 /* SetupController.swift in Sources */ = {isa = PBXBuildFile; fileRef = 5EA082772215A66B00A18827 /* SetupController.swift */; };
		5EA0827B2215A66B00A18827 /* Main.storyboard in Resources */ = {isa = PBXBuildFile; fileRef = 5EA082792215A66B00A18827 /* Main.storyboard */; };
		5EA0827D2215A66D00A18827 /* Assets.xcassets in Resources */ = {isa = PBXBuildFile; fileRef = 5EA0827C2215A66D00A18827 /* Assets.xcassets */; };
		5EA082802215A66D00A18827 /* LaunchScreen.storyboard in Resources */ = {isa = PBXBuildFile; fileRef = 5EA0827E2215A66D00A18827 /* LaunchScreen.storyboard */; };
		5EC9D7562215B58900C7109A /* Extensions.swift in Sources */ = {isa = PBXBuildFile; fileRef = 5EC9D7552215B58900C7109A /* Extensions.swift */; };
		5EC9D7592215C38D00C7109A /* SignInController.swift in Sources */ = {isa = PBXBuildFile; fileRef = 5EC9D7582215C38D00C7109A /* SignInController.swift */; };
		5EC9D75B2215C6E700C7109A /* SignUpController.swift in Sources */ = {isa = PBXBuildFile; fileRef = 5EC9D75A2215C6E700C7109A /* SignUpController.swift */; };
/* End PBXBuildFile section */

/* Begin PBXFileReference section */
		5E50CB86221B00D2004AA701 /* User.swift */ = {isa = PBXFileReference; lastKnownFileType = sourcecode.swift; path = User.swift; sourceTree = "<group>"; };
		5E50CB8A221B0142004AA701 /* TPKeyboardAvoidingSwift.swift */ = {isa = PBXFileReference; fileEncoding = 4; lastKnownFileType = sourcecode.swift; name = TPKeyboardAvoidingSwift.swift; path = "../../P-Helper/TPKeyboardAvoidingSwift.swift"; sourceTree = "<group>"; };
		5E50CB8E221B169D004AA701 /* PropertyController.swift */ = {isa = PBXFileReference; lastKnownFileType = sourcecode.swift; path = PropertyController.swift; sourceTree = "<group>"; };
		5E50CB90221B1FA5004AA701 /* PropertyCell.swift */ = {isa = PBXFileReference; lastKnownFileType = sourcecode.swift; path = PropertyCell.swift; sourceTree = "<group>"; };
		5E81A1EE221C05CC003F531F /* Property.swift */ = {isa = PBXFileReference; lastKnownFileType = sourcecode.swift; path = Property.swift; sourceTree = "<group>"; };
		5E81A1F0221C1885003F531F /* PropertyDetailController.swift */ = {isa = PBXFileReference; lastKnownFileType = sourcecode.swift; path = PropertyDetailController.swift; sourceTree = "<group>"; };
		5E81A200221C40CE003F531F /* SearchController.swift */ = {isa = PBXFileReference; lastKnownFileType = sourcecode.swift; path = SearchController.swift; sourceTree = "<group>"; };
		5E81A202221C4769003F531F /* SearchCell.swift */ = {isa = PBXFileReference; lastKnownFileType = sourcecode.swift; path = SearchCell.swift; sourceTree = "<group>"; };
		5EA082722215A66B00A18827 /* TestProject.app */ = {isa = PBXFileReference; explicitFileType = wrapper.application; includeInIndex = 0; path = TestProject.app; sourceTree = BUILT_PRODUCTS_DIR; };
		5EA082752215A66B00A18827 /* AppDelegate.swift */ = {isa = PBXFileReference; lastKnownFileType = sourcecode.swift; path = AppDelegate.swift; sourceTree = "<group>"; };
		5EA082772215A66B00A18827 /* SetupController.swift */ = {isa = PBXFileReference; lastKnownFileType = sourcecode.swift; path = SetupController.swift; sourceTree = "<group>"; };
		5EA0827A2215A66B00A18827 /* Base */ = {isa = PBXFileReference; lastKnownFileType = file.storyboard; name = Base; path = Base.lproj/Main.storyboard; sourceTree = "<group>"; };
		5EA0827C2215A66D00A18827 /* Assets.xcassets */ = {isa = PBXFileReference; lastKnownFileType = folder.assetcatalog; path = Assets.xcassets; sourceTree = "<group>"; };
		5EA0827F2215A66D00A18827 /* Base */ = {isa = PBXFileReference; lastKnownFileType = file.storyboard; name = Base; path = Base.lproj/LaunchScreen.storyboard; sourceTree = "<group>"; };
		5EA082812215A66D00A18827 /* Info.plist */ = {isa = PBXFileReference; lastKnownFileType = text.plist.xml; path = Info.plist; sourceTree = "<group>"; };
		5EC9D7552215B58900C7109A /* Extensions.swift */ = {isa = PBXFileReference; lastKnownFileType = sourcecode.swift; path = Extensions.swift; sourceTree = "<group>"; };
		5EC9D7582215C38D00C7109A /* SignInController.swift */ = {isa = PBXFileReference; lastKnownFileType = sourcecode.swift; path = SignInController.swift; sourceTree = "<group>"; };
		5EC9D75A2215C6E700C7109A /* SignUpController.swift */ = {isa = PBXFileReference; lastKnownFileType = sourcecode.swift; path = SignUpController.swift; sourceTree = "<group>"; };
/* End PBXFileReference section */

/* Begin PBXFrameworksBuildPhase section */
		5EA0826F2215A66B00A18827 /* Frameworks */ = {
			isa = PBXFrameworksBuildPhase;
			buildActionMask = 2147483647;
			files = (
			);
			runOnlyForDeploymentPostprocessing = 0;
		};
/* End PBXFrameworksBuildPhase section */

/* Begin PBXGroup section */
		5E2D12242216CB9600BF6F97 /* Main */ = {
			isa = PBXGroup;
			children = (
				5E50CB8E221B169D004AA701 /* PropertyController.swift */,
				5E50CB90221B1FA5004AA701 /* PropertyCell.swift */,
				5E81A1F0221C1885003F531F /* PropertyDetailController.swift */,
				5E81A200221C40CE003F531F /* SearchController.swift */,
				5E81A202221C4769003F531F /* SearchCell.swift */,
			);
			name = Main;
			sourceTree = "<group>";
		};
		5E50CB89221B00E2004AA701 /* Model */ = {
			isa = PBXGroup;
			children = (
				5E50CB86221B00D2004AA701 /* User.swift */,
				5E81A1EE221C05CC003F531F /* Property.swift */,
			);
			name = Model;
			sourceTree = "<group>";
		};
		5EA082692215A66B00A18827 = {
			isa = PBXGroup;
			children = (
				5EA082742215A66B00A18827 /* TestProject */,
				5EA082732215A66B00A18827 /* Products */,
			);
			sourceTree = "<group>";
		};
		5EA082732215A66B00A18827 /* Products */ = {
			isa = PBXGroup;
			children = (
				5EA082722215A66B00A18827 /* TestProject.app */,
			);
			name = Products;
			sourceTree = "<group>";
		};
		5EA082742215A66B00A18827 /* TestProject */ = {
			isa = PBXGroup;
			children = (
				5EA0827E2215A66D00A18827 /* LaunchScreen.storyboard */,
				5EA0828A2215A7F200A18827 /* Setup */,
				5E2D12242216CB9600BF6F97 /* Main */,
				5E50CB89221B00E2004AA701 /* Model */,
				5EA082892215A7EA00A18827 /* Other */,
				5EA082882215A7D800A18827 /* Resources */,
				5EA082872215A73200A18827 /* Supporting Files */,
			);
			path = TestProject;
			sourceTree = "<group>";
		};
		5EA082872215A73200A18827 /* Supporting Files */ = {
			isa = PBXGroup;
			children = (
				5EA082752215A66B00A18827 /* AppDelegate.swift */,
				5EA082812215A66D00A18827 /* Info.plist */,
			);
			name = "Supporting Files";
			sourceTree = "<group>";
		};
		5EA082882215A7D800A18827 /* Resources */ = {
			isa = PBXGroup;
			children = (
				5EA0827C2215A66D00A18827 /* Assets.xcassets */,
			);
			name = Resources;
			sourceTree = "<group>";
		};
		5EA082892215A7EA00A18827 /* Other */ = {
			isa = PBXGroup;
			children = (
				5E50CB8A221B0142004AA701 /* TPKeyboardAvoidingSwift.swift */,
				5EA082792215A66B00A18827 /* Main.storyboard */,
				5EC9D7552215B58900C7109A /* Extensions.swift */,
			);
			name = Other;
			sourceTree = "<group>";
		};
		5EA0828A2215A7F200A18827 /* Setup */ = {
			isa = PBXGroup;
			children = (
				5EA082772215A66B00A18827 /* SetupController.swift */,
				5EC9D7582215C38D00C7109A /* SignInController.swift */,
				5EC9D75A2215C6E700C7109A /* SignUpController.swift */,
			);
			name = Setup;
			sourceTree = "<group>";
		};
/* End PBXGroup section */

/* Begin PBXNativeTarget section */
		5EA082712215A66B00A18827 /* TestProject */ = {
			isa = PBXNativeTarget;
			buildConfigurationList = 5EA082842215A66D00A18827 /* Build configuration list for PBXNativeTarget "TestProject" */;
			buildPhases = (
				5EA0826E2215A66B00A18827 /* Sources */,
				5EA0826F2215A66B00A18827 /* Frameworks */,
				5EA082702215A66B00A18827 /* Resources */,
			);
			buildRules = (
			);
			dependencies = (
			);
			name = TestProject;
			productName = TestProject;
			productReference = 5EA082722215A66B00A18827 /* TestProject.app */;
			productType = "com.apple.product-type.application";
		};
/* End PBXNativeTarget section */

/* Begin PBXProject section */
		5EA0826A2215A66B00A18827 /* Project object */ = {
			isa = PBXProject;
			attributes = {
				LastSwiftUpdateCheck = 1010;
				LastUpgradeCheck = 1010;
				ORGANIZATIONNAME = "Ljubisa Katana";
				TargetAttributes = {
					5EA082712215A66B00A18827 = {
						CreatedOnToolsVersion = 10.1;
					};
				};
			};
			buildConfigurationList = 5EA0826D2215A66B00A18827 /* Build configuration list for PBXProject "TestProject" */;
			compatibilityVersion = "Xcode 9.3";
			developmentRegion = en;
			hasScannedForEncodings = 0;
			knownRegions = (
				en,
				Base,
			);
			mainGroup = 5EA082692215A66B00A18827;
			productRefGroup = 5EA082732215A66B00A18827 /* Products */;
			projectDirPath = "";
			projectRoot = "";
			targets = (
				5EA082712215A66B00A18827 /* TestProject */,
			);
		};
/* End PBXProject section */

/* Begin PBXResourcesBuildPhase section */
		5EA082702215A66B00A18827 /* Resources */ = {
			isa = PBXResourcesBuildPhase;
			buildActionMask = 2147483647;
			files = (
				5EA082802215A66D00A18827 /* LaunchScreen.storyboard in Resources */,
				5EA0827D2215A66D00A18827 /* Assets.xcassets in Resources */,
				5EA0827B2215A66B00A18827 /* Main.storyboard in Resources */,
			);
			runOnlyForDeploymentPostprocessing = 0;
		};
/* End PBXResourcesBuildPhase section */

/* Begin PBXSourcesBuildPhase section */
		5EA0826E2215A66B00A18827 /* Sources */ = {
			isa = PBXSourcesBuildPhase;
			buildActionMask = 2147483647;
			files = (
				5E81A203221C4769003F531F /* SearchCell.swift in Sources */,
				5E81A1EF221C05CC003F531F /* Property.swift in Sources */,
				5E50CB91221B1FA5004AA701 /* PropertyCell.swift in Sources */,
				5E81A201221C40CE003F531F /* SearchController.swift in Sources */,
				5EC9D75B2215C6E700C7109A /* SignUpController.swift in Sources */,
				5EA082782215A66B00A18827 /* SetupController.swift in Sources */,
				5E50CB8F221B169D004AA701 /* PropertyController.swift in Sources */,
				5E81A1F1221C1885003F531F /* PropertyDetailController.swift in Sources */,
				5EC9D7592215C38D00C7109A /* SignInController.swift in Sources */,
				5E50CB8B221B0142004AA701 /* TPKeyboardAvoidingSwift.swift in Sources */,
				5EC9D7562215B58900C7109A /* Extensions.swift in Sources */,
				5EA082762215A66B00A18827 /* AppDelegate.swift in Sources */,
				5E50CB87221B00D2004AA701 /* User.swift in Sources */,
			);
			runOnlyForDeploymentPostprocessing = 0;
		};
/* End PBXSourcesBuildPhase section */

/* Begin PBXVariantGroup section */
		5EA082792215A66B00A18827 /* Main.storyboard */ = {
			isa = PBXVariantGroup;
			children = (
				5EA0827A2215A66B00A18827 /* Base */,
			);
			name = Main.storyboard;
			sourceTree = "<group>";
		};
		5EA0827E2215A66D00A18827 /* LaunchScreen.storyboard */ = {
			isa = PBXVariantGroup;
			children = (
				5EA0827F2215A66D00A18827 /* Base */,
			);
			name = LaunchScreen.storyboard;
			sourceTree = "<group>";
		};
/* End PBXVariantGroup section */

/* Begin XCBuildConfiguration section */
		5EA082822215A66D00A18827 /* Debug */ = {
			isa = XCBuildConfiguration;
			buildSettings = {
				ALWAYS_SEARCH_USER_PATHS = NO;
				CLANG_ANALYZER_NONNULL = YES;
				CLANG_ANALYZER_NUMBER_OBJECT_CONVERSION = YES_AGGRESSIVE;
				CLANG_CXX_LANGUAGE_STANDARD = "gnu++14";
				CLANG_CXX_LIBRARY = "libc++";
				CLANG_ENABLE_MODULES = YES;
				CLANG_ENABLE_OBJC_ARC = YES;
				CLANG_ENABLE_OBJC_WEAK = YES;
				CLANG_WARN_BLOCK_CAPTURE_AUTORELEASING = YES;
				CLANG_WARN_BOOL_CONVERSION = YES;
				CLANG_WARN_COMMA = YES;
				CLANG_WARN_CONSTANT_CONVERSION = YES;
				CLANG_WARN_DEPRECATED_OBJC_IMPLEMENTATIONS = YES;
				CLANG_WARN_DIRECT_OBJC_ISA_USAGE = YES_ERROR;
				CLANG_WARN_DOCUMENTATION_COMMENTS = YES;
				CLANG_WARN_EMPTY_BODY = YES;
				CLANG_WARN_ENUM_CONVERSION = YES;
				CLANG_WARN_INFINITE_RECURSION = YES;
				CLANG_WARN_INT_CONVERSION = YES;
				CLANG_WARN_NON_LITERAL_NULL_CONVERSION = YES;
				CLANG_WARN_OBJC_IMPLICIT_RETAIN_SELF = YES;
				CLANG_WARN_OBJC_LITERAL_CONVERSION = YES;
				CLANG_WARN_OBJC_ROOT_CLASS = YES_ERROR;
				CLANG_WARN_RANGE_LOOP_ANALYSIS = YES;
				CLANG_WARN_STRICT_PROTOTYPES = YES;
				CLANG_WARN_SUSPICIOUS_MOVE = YES;
				CLANG_WARN_UNGUARDED_AVAILABILITY = YES_AGGRESSIVE;
				CLANG_WARN_UNREACHABLE_CODE = YES;
				CLANG_WARN__DUPLICATE_METHOD_MATCH = YES;
				CODE_SIGN_IDENTITY = "iPhone Developer";
				COPY_PHASE_STRIP = NO;
				DEBUG_INFORMATION_FORMAT = dwarf;
				ENABLE_STRICT_OBJC_MSGSEND = YES;
				ENABLE_TESTABILITY = YES;
				GCC_C_LANGUAGE_STANDARD = gnu11;
				GCC_DYNAMIC_NO_PIC = NO;
				GCC_NO_COMMON_BLOCKS = YES;
				GCC_OPTIMIZATION_LEVEL = 0;
				GCC_PREPROCESSOR_DEFINITIONS = (
					"DEBUG=1",
					"$(inherited)",
				);
				GCC_WARN_64_TO_32_BIT_CONVERSION = YES;
				GCC_WARN_ABOUT_RETURN_TYPE = YES_ERROR;
				GCC_WARN_UNDECLARED_SELECTOR = YES;
				GCC_WARN_UNINITIALIZED_AUTOS = YES_AGGRESSIVE;
				GCC_WARN_UNUSED_FUNCTION = YES;
				GCC_WARN_UNUSED_VARIABLE = YES;
				IPHONEOS_DEPLOYMENT_TARGET = 12.1;
				MTL_ENABLE_DEBUG_INFO = INCLUDE_SOURCE;
				MTL_FAST_MATH = YES;
				ONLY_ACTIVE_ARCH = YES;
				SDKROOT = iphoneos;
				SWIFT_ACTIVE_COMPILATION_CONDITIONS = DEBUG;
				SWIFT_OPTIMIZATION_LEVEL = "-Onone";
			};
			name = Debug;
		};
		5EA082832215A66D00A18827 /* Release */ = {
			isa = XCBuildConfiguration;
			buildSettings = {
				ALWAYS_SEARCH_USER_PATHS = NO;
				CLANG_ANALYZER_NONNULL = YES;
				CLANG_ANALYZER_NUMBER_OBJECT_CONVERSION = YES_AGGRESSIVE;
				CLANG_CXX_LANGUAGE_STANDARD = "gnu++14";
				CLANG_CXX_LIBRARY = "libc++";
				CLANG_ENABLE_MODULES = YES;
				CLANG_ENABLE_OBJC_ARC = YES;
				CLANG_ENABLE_OBJC_WEAK = YES;
				CLANG_WARN_BLOCK_CAPTURE_AUTORELEASING = YES;
				CLANG_WARN_BOOL_CONVERSION = YES;
				CLANG_WARN_COMMA = YES;
				CLANG_WARN_CONSTANT_CONVERSION = YES;
				CLANG_WARN_DEPRECATED_OBJC_IMPLEMENTATIONS = YES;
				CLANG_WARN_DIRECT_OBJC_ISA_USAGE = YES_ERROR;
				CLANG_WARN_DOCUMENTATION_COMMENTS = YES;
				CLANG_WARN_EMPTY_BODY = YES;
				CLANG_WARN_ENUM_CONVERSION = YES;
				CLANG_WARN_INFINITE_RECURSION = YES;
				CLANG_WARN_INT_CONVERSION = YES;
				CLANG_WARN_NON_LITERAL_NULL_CONVERSION = YES;
				CLANG_WARN_OBJC_IMPLICIT_RETAIN_SELF = YES;
				CLANG_WARN_OBJC_LITERAL_CONVERSION = YES;
				CLANG_WARN_OBJC_ROOT_CLASS = YES_ERROR;
				CLANG_WARN_RANGE_LOOP_ANALYSIS = YES;
				CLANG_WARN_STRICT_PROTOTYPES = YES;
				CLANG_WARN_SUSPICIOUS_MOVE = YES;
				CLANG_WARN_UNGUARDED_AVAILABILITY = YES_AGGRESSIVE;
				CLANG_WARN_UNREACHABLE_CODE = YES;
				CLANG_WARN__DUPLICATE_METHOD_MATCH = YES;
				CODE_SIGN_IDENTITY = "iPhone Developer";
				COPY_PHASE_STRIP = NO;
				DEBUG_INFORMATION_FORMAT = "dwarf-with-dsym";
				ENABLE_NS_ASSERTIONS = NO;
				ENABLE_STRICT_OBJC_MSGSEND = YES;
				GCC_C_LANGUAGE_STANDARD = gnu11;
				GCC_NO_COMMON_BLOCKS = YES;
				GCC_WARN_64_TO_32_BIT_CONVERSION = YES;
				GCC_WARN_ABOUT_RETURN_TYPE = YES_ERROR;
				GCC_WARN_UNDECLARED_SELECTOR = YES;
				GCC_WARN_UNINITIALIZED_AUTOS = YES_AGGRESSIVE;
				GCC_WARN_UNUSED_FUNCTION = YES;
				GCC_WARN_UNUSED_VARIABLE = YES;
				IPHONEOS_DEPLOYMENT_TARGET = 12.1;
				MTL_ENABLE_DEBUG_INFO = NO;
				MTL_FAST_MATH = YES;
				SDKROOT = iphoneos;
				SWIFT_COMPILATION_MODE = wholemodule;
				SWIFT_OPTIMIZATION_LEVEL = "-O";
				VALIDATE_PRODUCT = YES;
			};
			name = Release;
		};
		5EA082852215A66D00A18827 /* Debug */ = {
			isa = XCBuildConfiguration;
			buildSettings = {
				ASSETCATALOG_COMPILER_APPICON_NAME = AppIcon;
				CODE_SIGN_STYLE = Automatic;
				INFOPLIST_FILE = TestProject/Info.plist;
				LD_RUNPATH_SEARCH_PATHS = (
					"$(inherited)",
					"@executable_path/Frameworks",
				);
				PRODUCT_BUNDLE_IDENTIFIER = ljubisa.TestProject;
				PRODUCT_NAME = "$(TARGET_NAME)";
				SWIFT_VERSION = 4.2;
				TARGETED_DEVICE_FAMILY = "1,2";
			};
			name = Debug;
		};
		5EA082862215A66D00A18827 /* Release */ = {
			isa = XCBuildConfiguration;
			buildSettings = {
				ASSETCATALOG_COMPILER_APPICON_NAME = AppIcon;
				CODE_SIGN_STYLE = Automatic;
				INFOPLIST_FILE = TestProject/Info.plist;
				LD_RUNPATH_SEARCH_PATHS = (
					"$(inherited)",
					"@executable_path/Frameworks",
				);
				PRODUCT_BUNDLE_IDENTIFIER = ljubisa.TestProject;
				PRODUCT_NAME = "$(TARGET_NAME)";
				SWIFT_VERSION = 4.2;
				TARGETED_DEVICE_FAMILY = "1,2";
			};
			name = Release;
		};
/* End XCBuildConfiguration section */

/* Begin XCConfigurationList section */
		5EA0826D2215A66B00A18827 /* Build configuration list for PBXProject "TestProject" */ = {
			isa = XCConfigurationList;
			buildConfigurations = (
				5EA082822215A66D00A18827 /* Debug */,
				5EA082832215A66D00A18827 /* Release */,
			);
			defaultConfigurationIsVisible = 0;
			defaultConfigurationName = Release;
		};
		5EA082842215A66D00A18827 /* Build configuration list for PBXNativeTarget "TestProject" */ = {
			isa = XCConfigurationList;
			buildConfigurations = (
				5EA082852215A66D00A18827 /* Debug */,
				5EA082862215A66D00A18827 /* Release */,
			);
			defaultConfigurationIsVisible = 0;
			defaultConfigurationName = Release;
		};
/* End XCConfigurationList section */
	};
	rootObject = 5EA0826A2215A66B00A18827 /* Project object */;
}
